
Microsoft Visual Studio Solution File, Format Version 12.00
# Visual Studio Version 17
VisualStudioVersion = 17.8.34525.116
MinimumVisualStudioVersion = 10.0.40219.1
Project("{9A19103F-16F7-4668-BE54-9A1E7A4F7556}") = "CardGame.Client", "CardGame.Client\CardGame.Client.csproj", "{86437531-D9C5-4028-9475-BC042CFEE8D5}"
EndProject
Project("{9A19103F-16F7-4668-BE54-9A1E7A4F7556}") = "CardGame.BAL", "CardGame.BAL\CardGame.BAL.csproj", "{7BB0EE61-6F5D-4A7B-941B-3F70DA43B8FD}"
EndProject
Project("{FAE04EC0-301F-11D3-BF4B-00C04F79EFBC}") = "CardGame.BAL.Tests", "CardGame.BAL.Tests\CardGame.BAL.Tests.csproj", "{75972481-C8E8-4CCA-AAA4-FAD73DA6E179}"
EndProject
Global
	GlobalSection(SolutionConfigurationPlatforms) = preSolution
		Debug|Any CPU = Debug|Any CPU
		Release|Any CPU = Release|Any CPU
	EndGlobalSection
	GlobalSection(ProjectConfigurationPlatforms) = postSolution
		{86437531-D9C5-4028-9475-BC042CFEE8D5}.Debug|Any CPU.ActiveCfg = Debug|Any CPU
		{86437531-D9C5-4028-9475-BC042CFEE8D5}.Debug|Any CPU.Build.0 = Debug|Any CPU
		{86437531-D9C5-4028-9475-BC042CFEE8D5}.Release|Any CPU.ActiveCfg = Release|Any CPU
		{86437531-D9C5-4028-9475-BC042CFEE8D5}.Release|Any CPU.Build.0 = Release|Any CPU
		{7BB0EE61-6F5D-4A7B-941B-3F70DA43B8FD}.Debug|Any CPU.ActiveCfg = Debug|Any CPU
		{7BB0EE61-6F5D-4A7B-941B-3F70DA43B8FD}.Debug|Any CPU.Build.0 = Debug|Any CPU
		{7BB0EE61-6F5D-4A7B-941B-3F70DA43B8FD}.Release|Any CPU.ActiveCfg = Release|Any CPU
		{7BB0EE61-6F5D-4A7B-941B-3F70DA43B8FD}.Release|Any CPU.Build.0 = Release|Any CPU
		{75972481-C8E8-4CCA-AAA4-FAD73DA6E179}.Debug|Any CPU.ActiveCfg = Debug|Any CPU
		{75972481-C8E8-4CCA-AAA4-FAD73DA6E179}.Debug|Any CPU.Build.0 = Debug|Any CPU
		{75972481-C8E8-4CCA-AAA4-FAD73DA6E179}.Release|Any CPU.ActiveCfg = Release|Any CPU
		{75972481-C8E8-4CCA-AAA4-FAD73DA6E179}.Release|Any CPU.Build.0 = Release|Any CPU
	EndGlobalSection
	GlobalSection(SolutionProperties) = preSolution
		HideSolutionNode = FALSE
	EndGlobalSection
	GlobalSection(ExtensibilityGlobals) = postSolution
		SolutionGuid = {60553545-874C-40A9-B562-DBB001B23C10}
	EndGlobalSection
EndGlobal
